
Microsoft Visual Studio Solution File, Format Version 12.00
# Visual Studio Version 17
VisualStudioVersion = 17.14.36804.6 d17.14
MinimumVisualStudioVersion = 10.0.40219.1
Project("{FAE04EC0-301F-11D3-BF4B-00C04F79EFBC}") = "PUPSISSMB", "WindowsFormsApp1\PUPSISSMB.csproj", "{2F095B48-D8F8-4724-93D5-2B5FE1B0F900}"
EndProject
Global
	GlobalSection(SolutionConfigurationPlatforms) = preSolution
		Debug|Any CPU = Debug|Any CPU
		Release|Any CPU = Release|Any CPU
	EndGlobalSection
	GlobalSection(ProjectConfigurationPlatforms) = postSolution
		{2F095B48-D8F8-4724-93D5-2B5FE1B0F900}.Debug|Any CPU.ActiveCfg = Debug|Any CPU
		{2F095B48-D8F8-4724-93D5-2B5FE1B0F900}.Debug|Any CPU.Build.0 = Debug|Any CPU
		{2F095B48-D8F8-4724-93D5-2B5FE1B0F900}.Release|Any CPU.ActiveCfg = Release|Any CPU
		{2F095B48-D8F8-4724-93D5-2B5FE1B0F900}.Release|Any CPU.Build.0 = Release|Any CPU
	EndGlobalSection
	GlobalSection(SolutionProperties) = preSolution
		HideSolutionNode = FALSE
	EndGlobalSection
	GlobalSection(ExtensibilityGlobals) = postSolution
		SolutionGuid = {F4B9708A-A156-448B-834B-74796C0B6A82}
	EndGlobalSection
EndGlobal
